// !$*UTF8*$!
{
	archiveVersion = 1;
	classes = {
	};
	objectVersion = 46;
	objects = {

/* Begin PBXBuildFile section */
		080CE69E1C44A5560081C7B2 /* main.m in Sources */ = {isa = PBXBuildFile; fileRef = 080CE69D1C44A5560081C7B2 /* main.m */; };
		080CE6A11C44A5560081C7B2 /* AppDelegate.m in Sources */ = {isa = PBXBuildFile; fileRef = 080CE6A01C44A5560081C7B2 /* AppDelegate.m */; };
		080CE6A91C44A5560081C7B2 /* Assets.xcassets in Resources */ = {isa = PBXBuildFile; fileRef = 080CE6A81C44A5560081C7B2 /* Assets.xcassets */; };
		080CE6AC1C44A5560081C7B2 /* LaunchScreen.storyboard in Resources */ = {isa = PBXBuildFile; fileRef = 080CE6AA1C44A5560081C7B2 /* LaunchScreen.storyboard */; };
		080CE6B61C44A6520081C7B2 /* NLHomeVC.m in Sources */ = {isa = PBXBuildFile; fileRef = 080CE6B41C44A6520081C7B2 /* NLHomeVC.m */; };
		080CE6B71C44A6520081C7B2 /* NLHomeVC.xib in Resources */ = {isa = PBXBuildFile; fileRef = 080CE6B51C44A6520081C7B2 /* NLHomeVC.xib */; };
/* End PBXBuildFile section */

/* Begin PBXFileReference section */
		080CE6991C44A5560081C7B2 /* Nazanin.app */ = {isa = PBXFileReference; explicitFileType = wrapper.application; includeInIndex = 0; path = Nazanin.app; sourceTree = BUILT_PRODUCTS_DIR; };
		080CE69D1C44A5560081C7B2 /* main.m */ = {isa = PBXFileReference; lastKnownFileType = sourcecode.c.objc; path = main.m; sourceTree = "<group>"; };
		080CE69F1C44A5560081C7B2 /* AppDelegate.h */ = {isa = PBXFileReference; lastKnownFileType = sourcecode.c.h; path = AppDelegate.h; sourceTree = "<group>"; };
		080CE6A01C44A5560081C7B2 /* AppDelegate.m */ = {isa = PBXFileReference; lastKnownFileType = sourcecode.c.objc; path = AppDelegate.m; sourceTree = "<group>"; };
		080CE6A81C44A5560081C7B2 /* Assets.xcassets */ = {isa = PBXFileReference; lastKnownFileType = folder.assetcatalog; path = Assets.xcassets; sourceTree = "<group>"; };
		080CE6AB1C44A5560081C7B2 /* Base */ = {isa = PBXFileReference; lastKnownFileType = file.storyboard; name = Base; path = Base.lproj/LaunchScreen.storyboard; sourceTree = "<group>"; };
		080CE6AD1C44A5560081C7B2 /* Info.plist */ = {isa = PBXFileReference; lastKnownFileType = text.plist.xml; path = Info.plist; sourceTree = "<group>"; };
		080CE6B31C44A6520081C7B2 /* NLHomeVC.h */ = {isa = PBXFileReference; fileEncoding = 4; lastKnownFileType = sourcecode.c.h; name = NLHomeVC.h; path = Classes/NLHomeVC.h; sourceTree = "<group>"; };
		080CE6B41C44A6520081C7B2 /* NLHomeVC.m */ = {isa = PBXFileReference; fileEncoding = 4; lastKnownFileType = sourcecode.c.objc; name = NLHomeVC.m; path = Classes/NLHomeVC.m; sourceTree = "<group>"; };
		080CE6B51C44A6520081C7B2 /* NLHomeVC.xib */ = {isa = PBXFileReference; fileEncoding = 4; lastKnownFileType = file.xib; name = NLHomeVC.xib; path = Classes/NLHomeVC.xib; sourceTree = "<group>"; };
/* End PBXFileReference section */

/* Begin PBXFrameworksBuildPhase section */
		080CE6961C44A5560081C7B2 /* Frameworks */ = {
			isa = PBXFrameworksBuildPhase;
			buildActionMask = 2147483647;
			files = (
			);
			runOnlyForDeploymentPostprocessing = 0;
		};
/* End PBXFrameworksBuildPhase section */

/* Begin PBXGroup section */
		080CE6901C44A5560081C7B2 = {
			isa = PBXGroup;
			children = (
				080CE69B1C44A5560081C7B2 /* Nazanin */,
				080CE69A1C44A5560081C7B2 /* Products */,
			);
			sourceTree = "<group>";
		};
		080CE69A1C44A5560081C7B2 /* Products */ = {
			isa = PBXGroup;
			children = (
				080CE6991C44A5560081C7B2 /* Nazanin.app */,
			);
			name = Products;
			sourceTree = "<group>";
		};
		080CE69B1C44A5560081C7B2 /* Nazanin */ = {
			isa = PBXGroup;
			children = (
				080CE69F1C44A5560081C7B2 /* AppDelegate.h */,
				080CE6A01C44A5560081C7B2 /* AppDelegate.m */,
				080CE6B31C44A6520081C7B2 /* NLHomeVC.h */,
				080CE6B41C44A6520081C7B2 /* NLHomeVC.m */,
				080CE6B51C44A6520081C7B2 /* NLHomeVC.xib */,
				080CE6A81C44A5560081C7B2 /* Assets.xcassets */,
				080CE6AA1C44A5560081C7B2 /* LaunchScreen.storyboard */,
				080CE6AD1C44A5560081C7B2 /* Info.plist */,
				080CE69C1C44A5560081C7B2 /* Supporting Files */,
			);
			path = Nazanin;
			sourceTree = "<group>";
		};
		080CE69C1C44A5560081C7B2 /* Supporting Files */ = {
			isa = PBXGroup;
			children = (
				080CE69D1C44A5560081C7B2 /* main.m */,
			);
			name = "Supporting Files";
			sourceTree = "<group>";
		};
/* End PBXGroup section */

/* Begin PBXNativeTarget section */
		080CE6981C44A5560081C7B2 /* Nazanin */ = {
			isa = PBXNativeTarget;
			buildConfigurationList = 080CE6B01C44A5560081C7B2 /* Build configuration list for PBXNativeTarget "Nazanin" */;
			buildPhases = (
				080CE6951C44A5560081C7B2 /* Sources */,
				080CE6961C44A5560081C7B2 /* Frameworks */,
				080CE6971C44A5560081C7B2 /* Resources */,
			);
			buildRules = (
			);
			dependencies = (
			);
			name = Nazanin;
			productName = Nazanin;
			productReference = 080CE6991C44A5560081C7B2 /* Nazanin.app */;
			productType = "com.apple.product-type.application";
		};
/* End PBXNativeTarget section */

/* Begin PBXProject section */
		080CE6911C44A5560081C7B2 /* Project object */ = {
			isa = PBXProject;
			attributes = {
				LastUpgradeCheck = 0720;
				ORGANIZATIONNAME = NikaLabs;
				TargetAttributes = {
					080CE6981C44A5560081C7B2 = {
						CreatedOnToolsVersion = 7.2;
					};
				};
			};
			buildConfigurationList = 080CE6941C44A5560081C7B2 /* Build configuration list for PBXProject "Nazanin" */;
			compatibilityVersion = "Xcode 3.2";
			developmentRegion = English;
			hasScannedForEncodings = 0;
			knownRegions = (
				en,
				Base,
			);
			mainGroup = 080CE6901C44A5560081C7B2;
			productRefGroup = 080CE69A1C44A5560081C7B2 /* Products */;
			projectDirPath = "";
			projectRoot = "";
			targets = (
				080CE6981C44A5560081C7B2 /* Nazanin */,
			);
		};
/* End PBXProject section */

/* Begin PBXResourcesBuildPhase section */
		080CE6971C44A5560081C7B2 /* Resources */ = {
			isa = PBXResourcesBuildPhase;
			buildActionMask = 2147483647;
			files = (
				080CE6AC1C44A5560081C7B2 /* LaunchScreen.storyboard in Resources */,
				080CE6B71C44A6520081C7B2 /* NLHomeVC.xib in Resources */,
				080CE6A91C44A5560081C7B2 /* Assets.xcassets in Resources */,
			);
			runOnlyForDeploymentPostprocessing = 0;
		};
/* End PBXResourcesBuildPhase section */

/* Begin PBXSourcesBuildPhase section */
		080CE6951C44A5560081C7B2 /* Sources */ = {
			isa = PBXSourcesBuildPhase;
			buildActionMask = 2147483647;
			files = (
				080CE6A11C44A5560081C7B2 /* AppDelegate.m in Sources */,
				080CE6B61C44A6520081C7B2 /* NLHomeVC.m in Sources */,
				080CE69E1C44A5560081C7B2 /* main.m in Sources */,
			);
			runOnlyForDeploymentPostprocessing = 0;
		};
/* End PBXSourcesBuildPhase section */

/* Begin PBXVariantGroup section */
		080CE6AA1C44A5560081C7B2 /* LaunchScreen.storyboard */ = {
			isa = PBXVariantGroup;
			children = (
				080CE6AB1C44A5560081C7B2 /* Base */,
			);
			name = LaunchScreen.storyboard;
			sourceTree = "<group>";
		};
/* End PBXVariantGroup section */

/* Begin XCBuildConfiguration section */
		080CE6AE1C44A5560081C7B2 /* Debug */ = {
			isa = XCBuildConfiguration;
			buildSettings = {
				ALWAYS_SEARCH_USER_PATHS = NO;
				CLANG_CXX_LANGUAGE_STANDARD = "gnu++0x";
				CLANG_CXX_LIBRARY = "libc++";
				CLANG_ENABLE_MODULES = YES;
				CLANG_ENABLE_OBJC_ARC = YES;
				CLANG_WARN_BOOL_CONVERSION = YES;
				CLANG_WARN_CONSTANT_CONVERSION = YES;
				CLANG_WARN_DIRECT_OBJC_ISA_USAGE = YES_ERROR;
				CLANG_WARN_EMPTY_BODY = YES;
				CLANG_WARN_ENUM_CONVERSION = YES;
				CLANG_WARN_INT_CONVERSION = YES;
				CLANG_WARN_OBJC_ROOT_CLASS = YES_ERROR;
				CLANG_WARN_UNREACHABLE_CODE = YES;
				CLANG_WARN__DUPLICATE_METHOD_MATCH = YES;
				"CODE_SIGN_IDENTITY[sdk=iphoneos*]" = "iPhone Developer";
				COPY_PHASE_STRIP = NO;
				DEBUG_INFORMATION_FORMAT = dwarf;
				ENABLE_STRICT_OBJC_MSGSEND = YES;
				ENABLE_TESTABILITY = YES;
				GCC_C_LANGUAGE_STANDARD = gnu99;
				GCC_DYNAMIC_NO_PIC = NO;
				GCC_NO_COMMON_BLOCKS = YES;
				GCC_OPTIMIZATION_LEVEL = 0;
				GCC_PREPROCESSOR_DEFINITIONS = (
					"DEBUG=1",
					"$(inherited)",
				);
				GCC_WARN_64_TO_32_BIT_CONVERSION = YES;
				GCC_WARN_ABOUT_RETURN_TYPE = YES_ERROR;
				GCC_WARN_UNDECLARED_SELECTOR = YES;
				GCC_WARN_UNINITIALIZED_AUTOS = YES_AGGRESSIVE;
				GCC_WARN_UNUSED_FUNCTION = YES;
				GCC_WARN_UNUSED_VARIABLE = YES;
				IPHONEOS_DEPLOYMENT_TARGET = 9.2;
				MTL_ENABLE_DEBUG_INFO = YES;
				ONLY_ACTIVE_ARCH = YES;
				SDKROOT = iphoneos;
			};
			name = Debug;
		};
		080CE6AF1C44A5560081C7B2 /* Release */ = {
			isa = XCBuildConfiguration;
			buildSettings = {
				ALWAYS_SEARCH_USER_PATHS = NO;
				CLANG_CXX_LANGUAGE_STANDARD = "gnu++0x";
				CLANG_CXX_LIBRARY = "libc++";
				CLANG_ENABLE_MODULES = YES;
				CLANG_ENABLE_OBJC_ARC = YES;
				CLANG_WARN_BOOL_CONVERSION = YES;
				CLANG_WARN_CONSTANT_CONVERSION = YES;
				CLANG_WARN_DIRECT_OBJC_ISA_USAGE = YES_ERROR;
				CLANG_WARN_EMPTY_BODY = YES;
				CLANG_WARN_ENUM_CONVERSION = YES;
				CLANG_WARN_INT_CONVERSION = YES;
				CLANG_WARN_OBJC_ROOT_CLASS = YES_ERROR;
				CLANG_WARN_UNREACHABLE_CODE = YES;
				CLANG_WARN__DUPLICATE_METHOD_MATCH = YES;
				"CODE_SIGN_IDENTITY[sdk=iphoneos*]" = "iPhone Developer";
				COPY_PHASE_STRIP = NO;
				DEBUG_INFORMATION_FORMAT = "dwarf-with-dsym";
				ENABLE_NS_ASSERTIONS = NO;
				ENABLE_STRICT_OBJC_MSGSEND = YES;
				GCC_C_LANGUAGE_STANDARD = gnu99;
				GCC_NO_COMMON_BLOCKS = YES;
				GCC_WARN_64_TO_32_BIT_CONVERSION = YES;
				GCC_WARN_ABOUT_RETURN_TYPE = YES_ERROR;
				GCC_WARN_UNDECLARED_SELECTOR = YES;
				GCC_WARN_UNINITIALIZED_AUTOS = YES_AGGRESSIVE;
				GCC_WARN_UNUSED_FUNCTION = YES;
				GCC_WARN_UNUSED_VARIABLE = YES;
				IPHONEOS_DEPLOYMENT_TARGET = 9.2;
				MTL_ENABLE_DEBUG_INFO = NO;
				SDKROOT = iphoneos;
				VALIDATE_PRODUCT = YES;
			};
			name = Release;
		};
		080CE6B11C44A5560081C7B2 /* Debug */ = {
			isa = XCBuildConfiguration;
			buildSettings = {
				ASSETCATALOG_COMPILER_APPICON_NAME = AppIcon;
				ASSETCATALOG_COMPILER_LAUNCHIMAGE_NAME = "Brand Assets";
				INFOPLIST_FILE = Nazanin/Info.plist;
				LD_RUNPATH_SEARCH_PATHS = "$(inherited) @executable_path/Frameworks";
				PRODUCT_BUNDLE_IDENTIFIER = com.nikalabs.Nazanin;
				PRODUCT_NAME = "$(TARGET_NAME)";
			};
			name = Debug;
		};
		080CE6B21C44A5560081C7B2 /* Release */ = {
			isa = XCBuildConfiguration;
			buildSettings = {
				ASSETCATALOG_COMPILER_APPICON_NAME = AppIcon;
				ASSETCATALOG_COMPILER_LAUNCHIMAGE_NAME = "Brand Assets";
				INFOPLIST_FILE = Nazanin/Info.plist;
				LD_RUNPATH_SEARCH_PATHS = "$(inherited) @executable_path/Frameworks";
				PRODUCT_BUNDLE_IDENTIFIER = com.nikalabs.Nazanin;
				PRODUCT_NAME = "$(TARGET_NAME)";
			};
			name = Release;
		};
/* End XCBuildConfiguration section */

/* Begin XCConfigurationList section */
		080CE6941C44A5560081C7B2 /* Build configuration list for PBXProject "Nazanin" */ = {
			isa = XCConfigurationList;
			buildConfigurations = (
				080CE6AE1C44A5560081C7B2 /* Debug */,
				080CE6AF1C44A5560081C7B2 /* Release */,
			);
			defaultConfigurationIsVisible = 0;
			defaultConfigurationName = Release;
		};
		080CE6B01C44A5560081C7B2 /* Build configuration list for PBXNativeTarget "Nazanin" */ = {
			isa = XCConfigurationList;
			buildConfigurations = (
				080CE6B11C44A5560081C7B2 /* Debug */,
				080CE6B21C44A5560081C7B2 /* Release */,
			);
			defaultConfigurationIsVisible = 0;
		};
/* End XCConfigurationList section */
	};
	rootObject = 080CE6911C44A5560081C7B2 /* Project object */;
}
